
Microsoft Visual Studio Solution File, Format Version 12.00
# Visual Studio 15
VisualStudioVersion = 15.0.27130.2036
MinimumVisualStudioVersion = 10.0.40219.1
Project("{FAE04EC0-301F-11D3-BF4B-00C04F79EFBC}") = "Test 2", "Test 2\Test 2.csproj", "{C7331675-1C58-4131-A55C-12711B98F1B8}"
EndProject
Global
	GlobalSection(SolutionConfigurationPlatforms) = preSolution
		Debug|Any CPU = Debug|Any CPU
		Release|Any CPU = Release|Any CPU
	EndGlobalSection
	GlobalSection(ProjectConfigurationPlatforms) = postSolution
		{C7331675-1C58-4131-A55C-12711B98F1B8}.Debug|Any CPU.ActiveCfg = Debug|Any CPU
		{C7331675-1C58-4131-A55C-12711B98F1B8}.Debug|Any CPU.Build.0 = Debug|Any CPU
		{C7331675-1C58-4131-A55C-12711B98F1B8}.Release|Any CPU.ActiveCfg = Release|Any CPU
		{C7331675-1C58-4131-A55C-12711B98F1B8}.Release|Any CPU.Build.0 = Release|Any CPU
	EndGlobalSection
	GlobalSection(SolutionProperties) = preSolution
		HideSolutionNode = FALSE
	EndGlobalSection
	GlobalSection(ExtensibilityGlobals) = postSolution
		SolutionGuid = {82BFC114-7B2D-4A58-87CA-EE216CD01AB9}
	EndGlobalSection
EndGlobal
